
Microsoft Visual Studio Solution File, Format Version 12.00
# Visual Studio Version 17
VisualStudioVersion = 17.2.32616.157
MinimumVisualStudioVersion = 10.0.40219.1
Project("{9A19103F-16F7-4668-BE54-9A1E7A4F7556}") = "ConsoleApp2", "ConsoleApp2\ConsoleApp2.csproj", "{911648C0-E162-4B46-A2E2-C8E97298C2CD}"
EndProject
Project("{FAE04EC0-301F-11D3-BF4B-00C04F79EFBC}") = "Operadores", "Operadores\Operadores.csproj", "{019B5F72-4C88-4507-905F-A3802574BFE2}"
EndProject
Project("{FAE04EC0-301F-11D3-BF4B-00C04F79EFBC}") = "Tarea2", "Tarea2\Tarea2.csproj", "{E0247DE3-94EF-49E5-94D9-D4E6B2D3CFF4}"
EndProject
Global
	GlobalSection(SolutionConfigurationPlatforms) = preSolution
		Debug|Any CPU = Debug|Any CPU
		Release|Any CPU = Release|Any CPU
	EndGlobalSection
	GlobalSection(ProjectConfigurationPlatforms) = postSolution
		{911648C0-E162-4B46-A2E2-C8E97298C2CD}.Debug|Any CPU.ActiveCfg = Debug|Any CPU
		{911648C0-E162-4B46-A2E2-C8E97298C2CD}.Debug|Any CPU.Build.0 = Debug|Any CPU
		{911648C0-E162-4B46-A2E2-C8E97298C2CD}.Release|Any CPU.ActiveCfg = Release|Any CPU
		{911648C0-E162-4B46-A2E2-C8E97298C2CD}.Release|Any CPU.Build.0 = Release|Any CPU
		{019B5F72-4C88-4507-905F-A3802574BFE2}.Debug|Any CPU.ActiveCfg = Debug|Any CPU
		{019B5F72-4C88-4507-905F-A3802574BFE2}.Debug|Any CPU.Build.0 = Debug|Any CPU
		{019B5F72-4C88-4507-905F-A3802574BFE2}.Release|Any CPU.ActiveCfg = Release|Any CPU
		{019B5F72-4C88-4507-905F-A3802574BFE2}.Release|Any CPU.Build.0 = Release|Any CPU
		{E0247DE3-94EF-49E5-94D9-D4E6B2D3CFF4}.Debug|Any CPU.ActiveCfg = Debug|Any CPU
		{E0247DE3-94EF-49E5-94D9-D4E6B2D3CFF4}.Debug|Any CPU.Build.0 = Debug|Any CPU
		{E0247DE3-94EF-49E5-94D9-D4E6B2D3CFF4}.Release|Any CPU.ActiveCfg = Release|Any CPU
		{E0247DE3-94EF-49E5-94D9-D4E6B2D3CFF4}.Release|Any CPU.Build.0 = Release|Any CPU
	EndGlobalSection
	GlobalSection(SolutionProperties) = preSolution
		HideSolutionNode = FALSE
	EndGlobalSection
	GlobalSection(ExtensibilityGlobals) = postSolution
		SolutionGuid = {D98B9C69-D822-439B-A253-E6A13BBDE82E}
	EndGlobalSection
EndGlobal
